
Microsoft Visual Studio Solution File, Format Version 11.00
# Visual Studio 2010
Project("{888888A0-9F3D-457C-B088-3A5042F75D52}") = "synced-music", "synced-music\synced-music.pyproj", "{F6639838-D2E6-4E07-BCB1-2660BF2F0E0C}"
EndProject
Global
	GlobalSection(SolutionConfigurationPlatforms) = preSolution
		Debug|Any CPU = Debug|Any CPU
		Release|Any CPU = Release|Any CPU
	EndGlobalSection
	GlobalSection(ProjectConfigurationPlatforms) = postSolution
		{F6639838-D2E6-4E07-BCB1-2660BF2F0E0C}.Debug|Any CPU.ActiveCfg = Debug|Any CPU
		{F6639838-D2E6-4E07-BCB1-2660BF2F0E0C}.Release|Any CPU.ActiveCfg = Release|Any CPU
	EndGlobalSection
	GlobalSection(SolutionProperties) = preSolution
		HideSolutionNode = FALSE
	EndGlobalSection
EndGlobal
